
Microsoft Visual Studio Solution File, Format Version 12.00
# Visual Studio Version 17
VisualStudioVersion = 17.6.33829.357
MinimumVisualStudioVersion = 10.0.40219.1
Project("{8BC9CEB8-8B4A-11D0-8D11-00A0C91BC942}") = "DLLProxyProject", "DLLProxyProject.vcxproj", "{A02AD94D-DFBE-43D3-8051-6EB37EAA5ECD}"
EndProject
Project("{8BC9CEB8-8B4A-11D0-8D11-00A0C91BC942}") = "BnBTwBotKeyGen", "..\BnBTwBotKeyGen\BnBTwBotKeyGen.vcxproj", "{546B3E30-2422-4398-829C-35C59D2B7E34}"
EndProject
Global
	GlobalSection(SolutionConfigurationPlatforms) = preSolution
		Debug|x64 = Debug|x64
		Debug|x86 = Debug|x86
		Release_Debug|x64 = Release_Debug|x64
		Release_Debug|x86 = Release_Debug|x86
		Release_License|x64 = Release_License|x64
		Release_License|x86 = Release_License|x86
		Release|x64 = Release|x64
		Release|x86 = Release|x86
	EndGlobalSection
	GlobalSection(ProjectConfigurationPlatforms) = postSolution
		{A02AD94D-DFBE-43D3-8051-6EB37EAA5ECD}.Debug|x64.ActiveCfg = Release_Debug|x64
		{A02AD94D-DFBE-43D3-8051-6EB37EAA5ECD}.Debug|x64.Build.0 = Release_Debug|x64
		{A02AD94D-DFBE-43D3-8051-6EB37EAA5ECD}.Debug|x86.ActiveCfg = Release_Debug|Win32
		{A02AD94D-DFBE-43D3-8051-6EB37EAA5ECD}.Debug|x86.Build.0 = Release_Debug|Win32
		{A02AD94D-DFBE-43D3-8051-6EB37EAA5ECD}.Release_Debug|x64.ActiveCfg = Release_Debug|x64
		{A02AD94D-DFBE-43D3-8051-6EB37EAA5ECD}.Release_Debug|x64.Build.0 = Release_Debug|x64
		{A02AD94D-DFBE-43D3-8051-6EB37EAA5ECD}.Release_Debug|x86.ActiveCfg = Release_Debug|Win32
		{A02AD94D-DFBE-43D3-8051-6EB37EAA5ECD}.Release_Debug|x86.Build.0 = Release_Debug|Win32
		{A02AD94D-DFBE-43D3-8051-6EB37EAA5ECD}.Release_License|x64.ActiveCfg = Release_License|x64
		{A02AD94D-DFBE-43D3-8051-6EB37EAA5ECD}.Release_License|x64.Build.0 = Release_License|x64
		{A02AD94D-DFBE-43D3-8051-6EB37EAA5ECD}.Release_License|x86.ActiveCfg = Release_License|Win32
		{A02AD94D-DFBE-43D3-8051-6EB37EAA5ECD}.Release_License|x86.Build.0 = Release_License|Win32
		{A02AD94D-DFBE-43D3-8051-6EB37EAA5ECD}.Release|x64.ActiveCfg = Release|x64
		{A02AD94D-DFBE-43D3-8051-6EB37EAA5ECD}.Release|x64.Build.0 = Release|x64
		{A02AD94D-DFBE-43D3-8051-6EB37EAA5ECD}.Release|x86.ActiveCfg = Release|Win32
		{A02AD94D-DFBE-43D3-8051-6EB37EAA5ECD}.Release|x86.Build.0 = Release|Win32
		{546B3E30-2422-4398-829C-35C59D2B7E34}.Debug|x64.ActiveCfg = Debug|x64
		{546B3E30-2422-4398-829C-35C59D2B7E34}.Debug|x64.Build.0 = Debug|x64
		{546B3E30-2422-4398-829C-35C59D2B7E34}.Debug|x86.ActiveCfg = Debug|Win32
		{546B3E30-2422-4398-829C-35C59D2B7E34}.Debug|x86.Build.0 = Debug|Win32
		{546B3E30-2422-4398-829C-35C59D2B7E34}.Release_Debug|x64.ActiveCfg = Release|x64
		{546B3E30-2422-4398-829C-35C59D2B7E34}.Release_Debug|x64.Build.0 = Release|x64
		{546B3E30-2422-4398-829C-35C59D2B7E34}.Release_Debug|x86.ActiveCfg = Release|Win32
		{546B3E30-2422-4398-829C-35C59D2B7E34}.Release_Debug|x86.Build.0 = Release|Win32
		{546B3E30-2422-4398-829C-35C59D2B7E34}.Release_License|x64.ActiveCfg = Release_License|x64
		{546B3E30-2422-4398-829C-35C59D2B7E34}.Release_License|x64.Build.0 = Release_License|x64
		{546B3E30-2422-4398-829C-35C59D2B7E34}.Release_License|x86.ActiveCfg = Release_License|Win32
		{546B3E30-2422-4398-829C-35C59D2B7E34}.Release_License|x86.Build.0 = Release_License|Win32
		{546B3E30-2422-4398-829C-35C59D2B7E34}.Release|x64.ActiveCfg = Release|x64
		{546B3E30-2422-4398-829C-35C59D2B7E34}.Release|x64.Build.0 = Release|x64
		{546B3E30-2422-4398-829C-35C59D2B7E34}.Release|x86.ActiveCfg = Release|Win32
		{546B3E30-2422-4398-829C-35C59D2B7E34}.Release|x86.Build.0 = Release|Win32
	EndGlobalSection
	GlobalSection(SolutionProperties) = preSolution
		HideSolutionNode = FALSE
	EndGlobalSection
	GlobalSection(ExtensibilityGlobals) = postSolution
		SolutionGuid = {0DDB3EAF-3B2F-43CB-9BC8-1AD1BC791647}
	EndGlobalSection
EndGlobal
